// !$*UTF8*$!
{
	archiveVersion = 1;
	classes = {
	};
	objectVersion = 50;
	objects = {

/* Begin PBXBuildFile section */
		13887E9320DA433300B986A8 /* AppDelegate.swift in Sources */ = {isa = PBXBuildFile; fileRef = 13887E9220DA433300B986A8 /* AppDelegate.swift */; };
		13887E9520DA433300B986A8 /* ViewController.swift in Sources */ = {isa = PBXBuildFile; fileRef = 13887E9420DA433300B986A8 /* ViewController.swift */; };
		13887E9820DA433300B986A8 /* Main.storyboard in Resources */ = {isa = PBXBuildFile; fileRef = 13887E9620DA433300B986A8 /* Main.storyboard */; };
		13887E9A20DA433400B986A8 /* Assets.xcassets in Resources */ = {isa = PBXBuildFile; fileRef = 13887E9920DA433400B986A8 /* Assets.xcassets */; };
		13887E9D20DA433400B986A8 /* LaunchScreen.storyboard in Resources */ = {isa = PBXBuildFile; fileRef = 13887E9B20DA433400B986A8 /* LaunchScreen.storyboard */; };
		13887EA820DA433400B986A8 /* MapDirectionsTests.swift in Sources */ = {isa = PBXBuildFile; fileRef = 13887EA720DA433400B986A8 /* MapDirectionsTests.swift */; };
		13887EB320DA433400B986A8 /* MapDirectionsUITests.swift in Sources */ = {isa = PBXBuildFile; fileRef = 13887EB220DA433400B986A8 /* MapDirectionsUITests.swift */; };
/* End PBXBuildFile section */

/* Begin PBXContainerItemProxy section */
		13887EA420DA433400B986A8 /* PBXContainerItemProxy */ = {
			isa = PBXContainerItemProxy;
			containerPortal = 13887E8720DA433300B986A8 /* Project object */;
			proxyType = 1;
			remoteGlobalIDString = 13887E8E20DA433300B986A8;
			remoteInfo = MapDirections;
		};
		13887EAF20DA433400B986A8 /* PBXContainerItemProxy */ = {
			isa = PBXContainerItemProxy;
			containerPortal = 13887E8720DA433300B986A8 /* Project object */;
			proxyType = 1;
			remoteGlobalIDString = 13887E8E20DA433300B986A8;
			remoteInfo = MapDirections;
		};
/* End PBXContainerItemProxy section */

/* Begin PBXFileReference section */
		13887E8F20DA433300B986A8 /* MapDirections.app */ = {isa = PBXFileReference; explicitFileType = wrapper.application; includeInIndex = 0; path = MapDirections.app; sourceTree = BUILT_PRODUCTS_DIR; };
		13887E9220DA433300B986A8 /* AppDelegate.swift */ = {isa = PBXFileReference; lastKnownFileType = sourcecode.swift; path = AppDelegate.swift; sourceTree = "<group>"; };
		13887E9420DA433300B986A8 /* ViewController.swift */ = {isa = PBXFileReference; lastKnownFileType = sourcecode.swift; path = ViewController.swift; sourceTree = "<group>"; };
		13887E9720DA433300B986A8 /* Base */ = {isa = PBXFileReference; lastKnownFileType = file.storyboard; name = Base; path = Base.lproj/Main.storyboard; sourceTree = "<group>"; };
		13887E9920DA433400B986A8 /* Assets.xcassets */ = {isa = PBXFileReference; lastKnownFileType = folder.assetcatalog; path = Assets.xcassets; sourceTree = "<group>"; };
		13887E9C20DA433400B986A8 /* Base */ = {isa = PBXFileReference; lastKnownFileType = file.storyboard; name = Base; path = Base.lproj/LaunchScreen.storyboard; sourceTree = "<group>"; };
		13887E9E20DA433400B986A8 /* Info.plist */ = {isa = PBXFileReference; lastKnownFileType = text.plist.xml; path = Info.plist; sourceTree = "<group>"; };
		13887EA320DA433400B986A8 /* MapDirectionsTests.xctest */ = {isa = PBXFileReference; explicitFileType = wrapper.cfbundle; includeInIndex = 0; path = MapDirectionsTests.xctest; sourceTree = BUILT_PRODUCTS_DIR; };
		13887EA720DA433400B986A8 /* MapDirectionsTests.swift */ = {isa = PBXFileReference; lastKnownFileType = sourcecode.swift; path = MapDirectionsTests.swift; sourceTree = "<group>"; };
		13887EA920DA433400B986A8 /* Info.plist */ = {isa = PBXFileReference; lastKnownFileType = text.plist.xml; path = Info.plist; sourceTree = "<group>"; };
		13887EAE20DA433400B986A8 /* MapDirectionsUITests.xctest */ = {isa = PBXFileReference; explicitFileType = wrapper.cfbundle; includeInIndex = 0; path = MapDirectionsUITests.xctest; sourceTree = BUILT_PRODUCTS_DIR; };
		13887EB220DA433400B986A8 /* MapDirectionsUITests.swift */ = {isa = PBXFileReference; lastKnownFileType = sourcecode.swift; path = MapDirectionsUITests.swift; sourceTree = "<group>"; };
		13887EB420DA433400B986A8 /* Info.plist */ = {isa = PBXFileReference; lastKnownFileType = text.plist.xml; path = Info.plist; sourceTree = "<group>"; };
/* End PBXFileReference section */

/* Begin PBXFrameworksBuildPhase section */
		13887E8C20DA433300B986A8 /* Frameworks */ = {
			isa = PBXFrameworksBuildPhase;
			buildActionMask = 2147483647;
			files = (
			);
			runOnlyForDeploymentPostprocessing = 0;
		};
		13887EA020DA433400B986A8 /* Frameworks */ = {
			isa = PBXFrameworksBuildPhase;
			buildActionMask = 2147483647;
			files = (
			);
			runOnlyForDeploymentPostprocessing = 0;
		};
		13887EAB20DA433400B986A8 /* Frameworks */ = {
			isa = PBXFrameworksBuildPhase;
			buildActionMask = 2147483647;
			files = (
			);
			runOnlyForDeploymentPostprocessing = 0;
		};
/* End PBXFrameworksBuildPhase section */

/* Begin PBXGroup section */
		13887E8620DA433300B986A8 = {
			isa = PBXGroup;
			children = (
				13887E9120DA433300B986A8 /* MapDirections */,
				13887EA620DA433400B986A8 /* MapDirectionsTests */,
				13887EB120DA433400B986A8 /* MapDirectionsUITests */,
				13887E9020DA433300B986A8 /* Products */,
			);
			sourceTree = "<group>";
		};
		13887E9020DA433300B986A8 /* Products */ = {
			isa = PBXGroup;
			children = (
				13887E8F20DA433300B986A8 /* MapDirections.app */,
				13887EA320DA433400B986A8 /* MapDirectionsTests.xctest */,
				13887EAE20DA433400B986A8 /* MapDirectionsUITests.xctest */,
			);
			name = Products;
			sourceTree = "<group>";
		};
		13887E9120DA433300B986A8 /* MapDirections */ = {
			isa = PBXGroup;
			children = (
				13887E9220DA433300B986A8 /* AppDelegate.swift */,
				13887E9420DA433300B986A8 /* ViewController.swift */,
				13887E9620DA433300B986A8 /* Main.storyboard */,
				13887E9920DA433400B986A8 /* Assets.xcassets */,
				13887E9B20DA433400B986A8 /* LaunchScreen.storyboard */,
				13887E9E20DA433400B986A8 /* Info.plist */,
			);
			path = MapDirections;
			sourceTree = "<group>";
		};
		13887EA620DA433400B986A8 /* MapDirectionsTests */ = {
			isa = PBXGroup;
			children = (
				13887EA720DA433400B986A8 /* MapDirectionsTests.swift */,
				13887EA920DA433400B986A8 /* Info.plist */,
			);
			path = MapDirectionsTests;
			sourceTree = "<group>";
		};
		13887EB120DA433400B986A8 /* MapDirectionsUITests */ = {
			isa = PBXGroup;
			children = (
				13887EB220DA433400B986A8 /* MapDirectionsUITests.swift */,
				13887EB420DA433400B986A8 /* Info.plist */,
			);
			path = MapDirectionsUITests;
			sourceTree = "<group>";
		};
/* End PBXGroup section */

/* Begin PBXNativeTarget section */
		13887E8E20DA433300B986A8 /* MapDirections */ = {
			isa = PBXNativeTarget;
			buildConfigurationList = 13887EB720DA433400B986A8 /* Build configuration list for PBXNativeTarget "MapDirections" */;
			buildPhases = (
				13887E8B20DA433300B986A8 /* Sources */,
				13887E8C20DA433300B986A8 /* Frameworks */,
				13887E8D20DA433300B986A8 /* Resources */,
			);
			buildRules = (
			);
			dependencies = (
			);
			name = MapDirections;
			productName = MapDirections;
			productReference = 13887E8F20DA433300B986A8 /* MapDirections.app */;
			productType = "com.apple.product-type.application";
		};
		13887EA220DA433400B986A8 /* MapDirectionsTests */ = {
			isa = PBXNativeTarget;
			buildConfigurationList = 13887EBA20DA433400B986A8 /* Build configuration list for PBXNativeTarget "MapDirectionsTests" */;
			buildPhases = (
				13887E9F20DA433400B986A8 /* Sources */,
				13887EA020DA433400B986A8 /* Frameworks */,
				13887EA120DA433400B986A8 /* Resources */,
			);
			buildRules = (
			);
			dependencies = (
				13887EA520DA433400B986A8 /* PBXTargetDependency */,
			);
			name = MapDirectionsTests;
			productName = MapDirectionsTests;
			productReference = 13887EA320DA433400B986A8 /* MapDirectionsTests.xctest */;
			productType = "com.apple.product-type.bundle.unit-test";
		};
		13887EAD20DA433400B986A8 /* MapDirectionsUITests */ = {
			isa = PBXNativeTarget;
			buildConfigurationList = 13887EBD20DA433400B986A8 /* Build configuration list for PBXNativeTarget "MapDirectionsUITests" */;
			buildPhases = (
				13887EAA20DA433400B986A8 /* Sources */,
				13887EAB20DA433400B986A8 /* Frameworks */,
				13887EAC20DA433400B986A8 /* Resources */,
			);
			buildRules = (
			);
			dependencies = (
				13887EB020DA433400B986A8 /* PBXTargetDependency */,
			);
			name = MapDirectionsUITests;
			productName = MapDirectionsUITests;
			productReference = 13887EAE20DA433400B986A8 /* MapDirectionsUITests.xctest */;
			productType = "com.apple.product-type.bundle.ui-testing";
		};
/* End PBXNativeTarget section */

/* Begin PBXProject section */
		13887E8720DA433300B986A8 /* Project object */ = {
			isa = PBXProject;
			attributes = {
				LastSwiftUpdateCheck = 0940;
				LastUpgradeCheck = 0940;
				ORGANIZATIONNAME = "Francesco Boschini";
				TargetAttributes = {
					13887E8E20DA433300B986A8 = {
						CreatedOnToolsVersion = 9.4.1;
					};
					13887EA220DA433400B986A8 = {
						CreatedOnToolsVersion = 9.4.1;
						TestTargetID = 13887E8E20DA433300B986A8;
					};
					13887EAD20DA433400B986A8 = {
						CreatedOnToolsVersion = 9.4.1;
						TestTargetID = 13887E8E20DA433300B986A8;
					};
				};
			};
			buildConfigurationList = 13887E8A20DA433300B986A8 /* Build configuration list for PBXProject "MapDirections" */;
			compatibilityVersion = "Xcode 9.3";
			developmentRegion = en;
			hasScannedForEncodings = 0;
			knownRegions = (
				en,
				Base,
			);
			mainGroup = 13887E8620DA433300B986A8;
			productRefGroup = 13887E9020DA433300B986A8 /* Products */;
			projectDirPath = "";
			projectRoot = "";
			targets = (
				13887E8E20DA433300B986A8 /* MapDirections */,
				13887EA220DA433400B986A8 /* MapDirectionsTests */,
				13887EAD20DA433400B986A8 /* MapDirectionsUITests */,
			);
		};
/* End PBXProject section */

/* Begin PBXResourcesBuildPhase section */
		13887E8D20DA433300B986A8 /* Resources */ = {
			isa = PBXResourcesBuildPhase;
			buildActionMask = 2147483647;
			files = (
				13887E9D20DA433400B986A8 /* LaunchScreen.storyboard in Resources */,
				13887E9A20DA433400B986A8 /* Assets.xcassets in Resources */,
				13887E9820DA433300B986A8 /* Main.storyboard in Resources */,
			);
			runOnlyForDeploymentPostprocessing = 0;
		};
		13887EA120DA433400B986A8 /* Resources */ = {
			isa = PBXResourcesBuildPhase;
			buildActionMask = 2147483647;
			files = (
			);
			runOnlyForDeploymentPostprocessing = 0;
		};
		13887EAC20DA433400B986A8 /* Resources */ = {
			isa = PBXResourcesBuildPhase;
			buildActionMask = 2147483647;
			files = (
			);
			runOnlyForDeploymentPostprocessing = 0;
		};
/* End PBXResourcesBuildPhase section */

/* Begin PBXSourcesBuildPhase section */
		13887E8B20DA433300B986A8 /* Sources */ = {
			isa = PBXSourcesBuildPhase;
			buildActionMask = 2147483647;
			files = (
				13887E9520DA433300B986A8 /* ViewController.swift in Sources */,
				13887E9320DA433300B986A8 /* AppDelegate.swift in Sources */,
			);
			runOnlyForDeploymentPostprocessing = 0;
		};
		13887E9F20DA433400B986A8 /* Sources */ = {
			isa = PBXSourcesBuildPhase;
			buildActionMask = 2147483647;
			files = (
				13887EA820DA433400B986A8 /* MapDirectionsTests.swift in Sources */,
			);
			runOnlyForDeploymentPostprocessing = 0;
		};
		13887EAA20DA433400B986A8 /* Sources */ = {
			isa = PBXSourcesBuildPhase;
			buildActionMask = 2147483647;
			files = (
				13887EB320DA433400B986A8 /* MapDirectionsUITests.swift in Sources */,
			);
			runOnlyForDeploymentPostprocessing = 0;
		};
/* End PBXSourcesBuildPhase section */

/* Begin PBXTargetDependency section */
		13887EA520DA433400B986A8 /* PBXTargetDependency */ = {
			isa = PBXTargetDependency;
			target = 13887E8E20DA433300B986A8 /* MapDirections */;
			targetProxy = 13887EA420DA433400B986A8 /* PBXContainerItemProxy */;
		};
		13887EB020DA433400B986A8 /* PBXTargetDependency */ = {
			isa = PBXTargetDependency;
			target = 13887E8E20DA433300B986A8 /* MapDirections */;
			targetProxy = 13887EAF20DA433400B986A8 /* PBXContainerItemProxy */;
		};
/* End PBXTargetDependency section */

/* Begin PBXVariantGroup section */
		13887E9620DA433300B986A8 /* Main.storyboard */ = {
			isa = PBXVariantGroup;
			children = (
				13887E9720DA433300B986A8 /* Base */,
			);
			name = Main.storyboard;
			sourceTree = "<group>";
		};
		13887E9B20DA433400B986A8 /* LaunchScreen.storyboard */ = {
			isa = PBXVariantGroup;
			children = (
				13887E9C20DA433400B986A8 /* Base */,
			);
			name = LaunchScreen.storyboard;
			sourceTree = "<group>";
		};
/* End PBXVariantGroup section */

/* Begin XCBuildConfiguration section */
		13887EB520DA433400B986A8 /* Debug */ = {
			isa = XCBuildConfiguration;
			buildSettings = {
				ALWAYS_SEARCH_USER_PATHS = NO;
				CLANG_ANALYZER_NONNULL = YES;
				CLANG_ANALYZER_NUMBER_OBJECT_CONVERSION = YES_AGGRESSIVE;
				CLANG_CXX_LANGUAGE_STANDARD = "gnu++14";
				CLANG_CXX_LIBRARY = "libc++";
				CLANG_ENABLE_MODULES = YES;
				CLANG_ENABLE_OBJC_ARC = YES;
				CLANG_ENABLE_OBJC_WEAK = YES;
				CLANG_WARN_BLOCK_CAPTURE_AUTORELEASING = YES;
				CLANG_WARN_BOOL_CONVERSION = YES;
				CLANG_WARN_COMMA = YES;
				CLANG_WARN_CONSTANT_CONVERSION = YES;
				CLANG_WARN_DEPRECATED_OBJC_IMPLEMENTATIONS = YES;
				CLANG_WARN_DIRECT_OBJC_ISA_USAGE = YES_ERROR;
				CLANG_WARN_DOCUMENTATION_COMMENTS = YES;
				CLANG_WARN_EMPTY_BODY = YES;
				CLANG_WARN_ENUM_CONVERSION = YES;
				CLANG_WARN_INFINITE_RECURSION = YES;
				CLANG_WARN_INT_CONVERSION = YES;
				CLANG_WARN_NON_LITERAL_NULL_CONVERSION = YES;
				CLANG_WARN_OBJC_IMPLICIT_RETAIN_SELF = YES;
				CLANG_WARN_OBJC_LITERAL_CONVERSION = YES;
				CLANG_WARN_OBJC_ROOT_CLASS = YES_ERROR;
				CLANG_WARN_RANGE_LOOP_ANALYSIS = YES;
				CLANG_WARN_STRICT_PROTOTYPES = YES;
				CLANG_WARN_SUSPICIOUS_MOVE = YES;
				CLANG_WARN_UNGUARDED_AVAILABILITY = YES_AGGRESSIVE;
				CLANG_WARN_UNREACHABLE_CODE = YES;
				CLANG_WARN__DUPLICATE_METHOD_MATCH = YES;
				CODE_SIGN_IDENTITY = "iPhone Developer";
				COPY_PHASE_STRIP = NO;
				DEBUG_INFORMATION_FORMAT = dwarf;
				ENABLE_STRICT_OBJC_MSGSEND = YES;
				ENABLE_TESTABILITY = YES;
				GCC_C_LANGUAGE_STANDARD = gnu11;
				GCC_DYNAMIC_NO_PIC = NO;
				GCC_NO_COMMON_BLOCKS = YES;
				GCC_OPTIMIZATION_LEVEL = 0;
				GCC_PREPROCESSOR_DEFINITIONS = (
					"DEBUG=1",
					"$(inherited)",
				);
				GCC_WARN_64_TO_32_BIT_CONVERSION = YES;
				GCC_WARN_ABOUT_RETURN_TYPE = YES_ERROR;
				GCC_WARN_UNDECLARED_SELECTOR = YES;
				GCC_WARN_UNINITIALIZED_AUTOS = YES_AGGRESSIVE;
				GCC_WARN_UNUSED_FUNCTION = YES;
				GCC_WARN_UNUSED_VARIABLE = YES;
				IPHONEOS_DEPLOYMENT_TARGET = 11.4;
				MTL_ENABLE_DEBUG_INFO = YES;
				ONLY_ACTIVE_ARCH = YES;
				SDKROOT = iphoneos;
				SWIFT_ACTIVE_COMPILATION_CONDITIONS = DEBUG;
				SWIFT_OPTIMIZATION_LEVEL = "-Onone";
			};
			name = Debug;
		};
		13887EB620DA433400B986A8 /* Release */ = {
			isa = XCBuildConfiguration;
			buildSettings = {
				ALWAYS_SEARCH_USER_PATHS = NO;
				CLANG_ANALYZER_NONNULL = YES;
				CLANG_ANALYZER_NUMBER_OBJECT_CONVERSION = YES_AGGRESSIVE;
				CLANG_CXX_LANGUAGE_STANDARD = "gnu++14";
				CLANG_CXX_LIBRARY = "libc++";
				CLANG_ENABLE_MODULES = YES;
				CLANG_ENABLE_OBJC_ARC = YES;
				CLANG_ENABLE_OBJC_WEAK = YES;
				CLANG_WARN_BLOCK_CAPTURE_AUTORELEASING = YES;
				CLANG_WARN_BOOL_CONVERSION = YES;
				CLANG_WARN_COMMA = YES;
				CLANG_WARN_CONSTANT_CONVERSION = YES;
				CLANG_WARN_DEPRECATED_OBJC_IMPLEMENTATIONS = YES;
				CLANG_WARN_DIRECT_OBJC_ISA_USAGE = YES_ERROR;
				CLANG_WARN_DOCUMENTATION_COMMENTS = YES;
				CLANG_WARN_EMPTY_BODY = YES;
				CLANG_WARN_ENUM_CONVERSION = YES;
				CLANG_WARN_INFINITE_RECURSION = YES;
				CLANG_WARN_INT_CONVERSION = YES;
				CLANG_WARN_NON_LITERAL_NULL_CONVERSION = YES;
				CLANG_WARN_OBJC_IMPLICIT_RETAIN_SELF = YES;
				CLANG_WARN_OBJC_LITERAL_CONVERSION = YES;
				CLANG_WARN_OBJC_ROOT_CLASS = YES_ERROR;
				CLANG_WARN_RANGE_LOOP_ANALYSIS = YES;
				CLANG_WARN_STRICT_PROTOTYPES = YES;
				CLANG_WARN_SUSPICIOUS_MOVE = YES;
				CLANG_WARN_UNGUARDED_AVAILABILITY = YES_AGGRESSIVE;
				CLANG_WARN_UNREACHABLE_CODE = YES;
				CLANG_WARN__DUPLICATE_METHOD_MATCH = YES;
				CODE_SIGN_IDENTITY = "iPhone Developer";
				COPY_PHASE_STRIP = NO;
				DEBUG_INFORMATION_FORMAT = "dwarf-with-dsym";
				ENABLE_NS_ASSERTIONS = NO;
				ENABLE_STRICT_OBJC_MSGSEND = YES;
				GCC_C_LANGUAGE_STANDARD = gnu11;
				GCC_NO_COMMON_BLOCKS = YES;
				GCC_WARN_64_TO_32_BIT_CONVERSION = YES;
				GCC_WARN_ABOUT_RETURN_TYPE = YES_ERROR;
				GCC_WARN_UNDECLARED_SELECTOR = YES;
				GCC_WARN_UNINITIALIZED_AUTOS = YES_AGGRESSIVE;
				GCC_WARN_UNUSED_FUNCTION = YES;
				GCC_WARN_UNUSED_VARIABLE = YES;
				IPHONEOS_DEPLOYMENT_TARGET = 11.4;
				MTL_ENABLE_DEBUG_INFO = NO;
				SDKROOT = iphoneos;
				SWIFT_COMPILATION_MODE = wholemodule;
				SWIFT_OPTIMIZATION_LEVEL = "-O";
				VALIDATE_PRODUCT = YES;
			};
			name = Release;
		};
		13887EB820DA433400B986A8 /* Debug */ = {
			isa = XCBuildConfiguration;
			buildSettings = {
				ASSETCATALOG_COMPILER_APPICON_NAME = AppIcon;
				CODE_SIGN_STYLE = Automatic;
				DEVELOPMENT_TEAM = 8Q9X4Q56DX;
				INFOPLIST_FILE = MapDirections/Info.plist;
				LD_RUNPATH_SEARCH_PATHS = (
					"$(inherited)",
					"@executable_path/Frameworks",
				);
				PRODUCT_BUNDLE_IDENTIFIER = com.francescoboschini.MapDirections;
				PRODUCT_NAME = "$(TARGET_NAME)";
				SWIFT_VERSION = 4.0;
				TARGETED_DEVICE_FAMILY = "1,2";
			};
			name = Debug;
		};
		13887EB920DA433400B986A8 /* Release */ = {
			isa = XCBuildConfiguration;
			buildSettings = {
				ASSETCATALOG_COMPILER_APPICON_NAME = AppIcon;
				CODE_SIGN_STYLE = Automatic;
				DEVELOPMENT_TEAM = 8Q9X4Q56DX;
				INFOPLIST_FILE = MapDirections/Info.plist;
				LD_RUNPATH_SEARCH_PATHS = (
					"$(inherited)",
					"@executable_path/Frameworks",
				);
				PRODUCT_BUNDLE_IDENTIFIER = com.francescoboschini.MapDirections;
				PRODUCT_NAME = "$(TARGET_NAME)";
				SWIFT_VERSION = 4.0;
				TARGETED_DEVICE_FAMILY = "1,2";
			};
			name = Release;
		};
		13887EBB20DA433400B986A8 /* Debug */ = {
			isa = XCBuildConfiguration;
			buildSettings = {
				ALWAYS_EMBED_SWIFT_STANDARD_LIBRARIES = YES;
				BUNDLE_LOADER = "$(TEST_HOST)";
				CODE_SIGN_STYLE = Automatic;
				DEVELOPMENT_TEAM = 8Q9X4Q56DX;
				INFOPLIST_FILE = MapDirectionsTests/Info.plist;
				LD_RUNPATH_SEARCH_PATHS = (
					"$(inherited)",
					"@executable_path/Frameworks",
					"@loader_path/Frameworks",
				);
				PRODUCT_BUNDLE_IDENTIFIER = com.francescoboschini.MapDirectionsTests;
				PRODUCT_NAME = "$(TARGET_NAME)";
				SWIFT_VERSION = 4.0;
				TARGETED_DEVICE_FAMILY = "1,2";
				TEST_HOST = "$(BUILT_PRODUCTS_DIR)/MapDirections.app/MapDirections";
			};
			name = Debug;
		};
		13887EBC20DA433400B986A8 /* Release */ = {
			isa = XCBuildConfiguration;
			buildSettings = {
				ALWAYS_EMBED_SWIFT_STANDARD_LIBRARIES = YES;
				BUNDLE_LOADER = "$(TEST_HOST)";
				CODE_SIGN_STYLE = Automatic;
				DEVELOPMENT_TEAM = 8Q9X4Q56DX;
				INFOPLIST_FILE = MapDirectionsTests/Info.plist;
				LD_RUNPATH_SEARCH_PATHS = (
					"$(inherited)",
					"@executable_path/Frameworks",
					"@loader_path/Frameworks",
				);
				PRODUCT_BUNDLE_IDENTIFIER = com.francescoboschini.MapDirectionsTests;
				PRODUCT_NAME = "$(TARGET_NAME)";
				SWIFT_VERSION = 4.0;
				TARGETED_DEVICE_FAMILY = "1,2";
				TEST_HOST = "$(BUILT_PRODUCTS_DIR)/MapDirections.app/MapDirections";
			};
			name = Release;
		};
		13887EBE20DA433400B986A8 /* Debug */ = {
			isa = XCBuildConfiguration;
			buildSettings = {
				ALWAYS_EMBED_SWIFT_STANDARD_LIBRARIES = YES;
				CODE_SIGN_STYLE = Automatic;
				DEVELOPMENT_TEAM = 8Q9X4Q56DX;
				INFOPLIST_FILE = MapDirectionsUITests/Info.plist;
				LD_RUNPATH_SEARCH_PATHS = (
					"$(inherited)",
					"@executable_path/Frameworks",
					"@loader_path/Frameworks",
				);
				PRODUCT_BUNDLE_IDENTIFIER = com.francescoboschini.MapDirectionsUITests;
				PRODUCT_NAME = "$(TARGET_NAME)";
				SWIFT_VERSION = 4.0;
				TARGETED_DEVICE_FAMILY = "1,2";
				TEST_TARGET_NAME = MapDirections;
			};
			name = Debug;
		};
		13887EBF20DA433400B986A8 /* Release */ = {
			isa = XCBuildConfiguration;
			buildSettings = {
				ALWAYS_EMBED_SWIFT_STANDARD_LIBRARIES = YES;
				CODE_SIGN_STYLE = Automatic;
				DEVELOPMENT_TEAM = 8Q9X4Q56DX;
				INFOPLIST_FILE = MapDirectionsUITests/Info.plist;
				LD_RUNPATH_SEARCH_PATHS = (
					"$(inherited)",
					"@executable_path/Frameworks",
					"@loader_path/Frameworks",
				);
				PRODUCT_BUNDLE_IDENTIFIER = com.francescoboschini.MapDirectionsUITests;
				PRODUCT_NAME = "$(TARGET_NAME)";
				SWIFT_VERSION = 4.0;
				TARGETED_DEVICE_FAMILY = "1,2";
				TEST_TARGET_NAME = MapDirections;
			};
			name = Release;
		};
/* End XCBuildConfiguration section */

/* Begin XCConfigurationList section */
		13887E8A20DA433300B986A8 /* Build configuration list for PBXProject "MapDirections" */ = {
			isa = XCConfigurationList;
			buildConfigurations = (
				13887EB520DA433400B986A8 /* Debug */,
				13887EB620DA433400B986A8 /* Release */,
			);
			defaultConfigurationIsVisible = 0;
			defaultConfigurationName = Release;
		};
		13887EB720DA433400B986A8 /* Build configuration list for PBXNativeTarget "MapDirections" */ = {
			isa = XCConfigurationList;
			buildConfigurations = (
				13887EB820DA433400B986A8 /* Debug */,
				13887EB920DA433400B986A8 /* Release */,
			);
			defaultConfigurationIsVisible = 0;
			defaultConfigurationName = Release;
		};
		13887EBA20DA433400B986A8 /* Build configuration list for PBXNativeTarget "MapDirectionsTests" */ = {
			isa = XCConfigurationList;
			buildConfigurations = (
				13887EBB20DA433400B986A8 /* Debug */,
				13887EBC20DA433400B986A8 /* Release */,
			);
			defaultConfigurationIsVisible = 0;
			defaultConfigurationName = Release;
		};
		13887EBD20DA433400B986A8 /* Build configuration list for PBXNativeTarget "MapDirectionsUITests" */ = {
			isa = XCConfigurationList;
			buildConfigurations = (
				13887EBE20DA433400B986A8 /* Debug */,
				13887EBF20DA433400B986A8 /* Release */,
			);
			defaultConfigurationIsVisible = 0;
			defaultConfigurationName = Release;
		};
/* End XCConfigurationList section */
	};
	rootObject = 13887E8720DA433300B986A8 /* Project object */;
}
